{
    "compileClasspath": {
        "com.fasterxml.jackson.core:jackson-databind": {
            "firstLevelTransitive": [
                "com.netflix.governator:governator"
            ],
            "locked": "2.4.3"
        },
        "com.google.inject.extensions:guice-grapher": {
            "firstLevelTransitive": [
                "com.netflix.governator:governator-core"
            ],
            "locked": "4.1.0"
        },
        "com.google.inject.extensions:guice-multibindings": {
            "firstLevelTransitive": [
                "com.netflix.governator:governator-core"
            ],
            "locked": "4.1.0"
        },
        "com.google.inject:guice": {
            "firstLevelTransitive": [
                "com.netflix.governator:governator-core"
            ],
            "locked": "4.1.0"
        },
        "com.netflix.archaius:archaius-core": {
            "locked": "0.5.12",
            "requested": "0.5.12"
        },
        "com.netflix.governator:governator": {
            "project": true
        },
        "com.netflix.governator:governator-api": {
            "firstLevelTransitive": [
                "com.netflix.governator:governator",
                "com.netflix.governator:governator-core"
            ],
            "project": true
        },
        "com.netflix.governator:governator-core": {
            "firstLevelTransitive": [
                "com.netflix.governator:governator"
            ],
            "project": true
        },
        "jakarta.annotation:jakarta.annotation-api": {
            "firstLevelTransitive": [
                "com.netflix.governator:governator-core"
            ],
            "locked": "1.3.5"
        },
        "javax.inject:javax.inject": {
            "firstLevelTransitive": [
                "com.netflix.governator:governator-api",
                "com.netflix.governator:governator-core"
            ],
            "locked": "1"
        },
        "javax.xml.bind:jaxb-api": {
            "firstLevelTransitive": [
                "com.netflix.governator:governator"
            ],
            "locked": "2.3.1"
        },
        "org.ow2.asm:asm": {
            "firstLevelTransitive": [
                "com.netflix.governator:governator"
            ],
            "locked": "7.2"
        },
        "org.slf4j:slf4j-api": {
            "firstLevelTransitive": [
                "com.netflix.governator:governator-core"
            ],
            "locked": "1.7.2"
        }
    },
    "runtimeClasspath": {
        "com.fasterxml.jackson.core:jackson-databind": {
            "firstLevelTransitive": [
                "com.netflix.governator:governator"
            ],
            "locked": "2.4.3"
        },
        "com.google.inject.extensions:guice-grapher": {
            "firstLevelTransitive": [
                "com.netflix.governator:governator-core"
            ],
            "locked": "4.1.0"
        },
        "com.google.inject.extensions:guice-multibindings": {
            "firstLevelTransitive": [
                "com.netflix.governator:governator-core"
            ],
            "locked": "4.1.0"
        },
        "com.google.inject:guice": {
            "firstLevelTransitive": [
                "com.netflix.governator:governator-core"
            ],
            "locked": "4.1.0"
        },
        "com.netflix.archaius:archaius-core": {
            "locked": "0.5.12",
            "requested": "0.5.12"
        },
        "com.netflix.governator:governator": {
            "project": true
        },
        "com.netflix.governator:governator-api": {
            "firstLevelTransitive": [
                "com.netflix.governator:governator",
                "com.netflix.governator:governator-core"
            ],
            "project": true
        },
        "com.netflix.governator:governator-core": {
            "firstLevelTransitive": [
                "com.netflix.governator:governator"
            ],
            "project": true
        },
        "jakarta.annotation:jakarta.annotation-api": {
            "firstLevelTransitive": [
                "com.netflix.governator:governator-core"
            ],
            "locked": "1.3.5"
        },
        "javax.inject:javax.inject": {
            "firstLevelTransitive": [
                "com.netflix.governator:governator-api",
                "com.netflix.governator:governator-core"
            ],
            "locked": "1"
        },
        "javax.xml.bind:jaxb-api": {
            "firstLevelTransitive": [
                "com.netflix.governator:governator"
            ],
            "locked": "2.3.1"
        },
        "org.ow2.asm:asm": {
            "firstLevelTransitive": [
                "com.netflix.governator:governator"
            ],
            "locked": "7.2"
        },
        "org.slf4j:slf4j-api": {
            "firstLevelTransitive": [
                "com.netflix.governator:governator-core"
            ],
            "locked": "1.7.2"
        }
    },
    "testCompileClasspath": {
        "com.fasterxml.jackson.core:jackson-databind": {
            "firstLevelTransitive": [
                "com.netflix.governator:governator"
            ],
            "locked": "2.4.3"
        },
        "com.google.inject.extensions:guice-grapher": {
            "firstLevelTransitive": [
                "com.netflix.governator:governator-core"
            ],
            "locked": "4.1.0"
        },
        "com.google.inject.extensions:guice-multibindings": {
            "firstLevelTransitive": [
                "com.netflix.governator:governator-core"
            ],
            "locked": "4.1.0"
        },
        "com.google.inject:guice": {
            "firstLevelTransitive": [
                "com.netflix.governator:governator-core"
            ],
            "locked": "4.1.0"
        },
        "com.netflix.archaius:archaius-core": {
            "locked": "0.5.12",
            "requested": "0.5.12"
        },
        "com.netflix.governator:governator": {
            "project": true
        },
        "com.netflix.governator:governator-api": {
            "firstLevelTransitive": [
                "com.netflix.governator:governator",
                "com.netflix.governator:governator-core"
            ],
            "project": true
        },
        "com.netflix.governator:governator-core": {
            "firstLevelTransitive": [
                "com.netflix.governator:governator"
            ],
            "project": true
        },
        "jakarta.annotation:jakarta.annotation-api": {
            "firstLevelTransitive": [
                "com.netflix.governator:governator-core"
            ],
            "locked": "1.3.5"
        },
        "javax.inject:javax.inject": {
            "firstLevelTransitive": [
                "com.netflix.governator:governator-api",
                "com.netflix.governator:governator-core"
            ],
            "locked": "1"
        },
        "javax.xml.bind:jaxb-api": {
            "firstLevelTransitive": [
                "com.netflix.governator:governator"
            ],
            "locked": "2.3.1"
        },
        "junit:junit": {
            "locked": "4.12",
            "requested": "4.12"
        },
        "org.ow2.asm:asm": {
            "firstLevelTransitive": [
                "com.netflix.governator:governator"
            ],
            "locked": "7.2"
        },
        "org.slf4j:slf4j-api": {
            "firstLevelTransitive": [
                "com.netflix.governator:governator-core"
            ],
            "locked": "1.7.2"
        },
        "org.slf4j:slf4j-log4j12": {
            "locked": "1.7.2",
            "requested": "1.7.2"
        }
    },
    "testRuntimeClasspath": {
        "com.fasterxml.jackson.core:jackson-databind": {
            "firstLevelTransitive": [
                "com.netflix.governator:governator"
            ],
            "locked": "2.4.3"
        },
        "com.google.inject.extensions:guice-grapher": {
            "firstLevelTransitive": [
                "com.netflix.governator:governator-core"
            ],
            "locked": "4.1.0"
        },
        "com.google.inject.extensions:guice-multibindings": {
            "firstLevelTransitive": [
                "com.netflix.governator:governator-core"
            ],
            "locked": "4.1.0"
        },
        "com.google.inject:guice": {
            "firstLevelTransitive": [
                "com.netflix.governator:governator-core"
            ],
            "locked": "4.1.0"
        },
        "com.netflix.archaius:archaius-core": {
            "locked": "0.5.12",
            "requested": "0.5.12"
        },
        "com.netflix.governator:governator": {
            "project": true
        },
        "com.netflix.governator:governator-api": {
            "firstLevelTransitive": [
                "com.netflix.governator:governator",
                "com.netflix.governator:governator-core"
            ],
            "project": true
        },
        "com.netflix.governator:governator-core": {
            "firstLevelTransitive": [
                "com.netflix.governator:governator"
            ],
            "project": true
        },
        "jakarta.annotation:jakarta.annotation-api": {
            "firstLevelTransitive": [
                "com.netflix.governator:governator-core"
            ],
            "locked": "1.3.5"
        },
        "javax.inject:javax.inject": {
            "firstLevelTransitive": [
                "com.netflix.governator:governator-api",
                "com.netflix.governator:governator-core"
            ],
            "locked": "1"
        },
        "javax.xml.bind:jaxb-api": {
            "firstLevelTransitive": [
                "com.netflix.governator:governator"
            ],
            "locked": "2.3.1"
        },
        "junit:junit": {
            "locked": "4.12",
            "requested": "4.12"
        },
        "org.ow2.asm:asm": {
            "firstLevelTransitive": [
                "com.netflix.governator:governator"
            ],
            "locked": "7.2"
        },
        "org.slf4j:slf4j-api": {
            "firstLevelTransitive": [
                "com.netflix.governator:governator-core"
            ],
            "locked": "1.7.2"
        },
        "org.slf4j:slf4j-log4j12": {
            "locked": "1.7.2",
            "requested": "1.7.2"
        }
    }
}